
Microsoft Visual Studio Solution File, Format Version 12.00
# Visual Studio Version 16
VisualStudioVersion = 16.0.31515.178
MinimumVisualStudioVersion = 10.0.40219.1
Project("{FAE04EC0-301F-11D3-BF4B-00C04F79EFBC}") = "E-Shop.Api", "E-Shop.Api\E-Shop.Api.csproj", "{7D37BD01-3F72-4786-A90B-6D50BCBFF96C}"
EndProject
Project("{FAE04EC0-301F-11D3-BF4B-00C04F79EFBC}") = "E-Shop.Services", "E-Shop.Services\E-Shop.Services.csproj", "{5C4A04B4-4FDA-4E5A-BF8D-0850EF6D8ED5}"
EndProject
Project("{FAE04EC0-301F-11D3-BF4B-00C04F79EFBC}") = "E-Shop.Repositories", "E-Shop.Repositories\E-Shop.Repositories.csproj", "{D46AE132-F833-4D15-B75F-35D811393E54}"
EndProject
Project("{FAE04EC0-301F-11D3-BF4B-00C04F79EFBC}") = "E-Shop.Models", "E-Shop.Models\E-Shop.Models.csproj", "{149E05C2-9E5F-41A9-805C-CC95A224B631}"
EndProject
Project("{FAE04EC0-301F-11D3-BF4B-00C04F79EFBC}") = "E-Shop.Dtos", "E-Shop.Dtos\E-Shop.Dtos.csproj", "{5D66D3AC-1973-4650-B8D8-5237DE9AB95C}"
EndProject
Global
	GlobalSection(SolutionConfigurationPlatforms) = preSolution
		Debug|Any CPU = Debug|Any CPU
		Release|Any CPU = Release|Any CPU
	EndGlobalSection
	GlobalSection(ProjectConfigurationPlatforms) = postSolution
		{7D37BD01-3F72-4786-A90B-6D50BCBFF96C}.Debug|Any CPU.ActiveCfg = Debug|Any CPU
		{7D37BD01-3F72-4786-A90B-6D50BCBFF96C}.Debug|Any CPU.Build.0 = Debug|Any CPU
		{7D37BD01-3F72-4786-A90B-6D50BCBFF96C}.Release|Any CPU.ActiveCfg = Release|Any CPU
		{7D37BD01-3F72-4786-A90B-6D50BCBFF96C}.Release|Any CPU.Build.0 = Release|Any CPU
		{5C4A04B4-4FDA-4E5A-BF8D-0850EF6D8ED5}.Debug|Any CPU.ActiveCfg = Debug|Any CPU
		{5C4A04B4-4FDA-4E5A-BF8D-0850EF6D8ED5}.Debug|Any CPU.Build.0 = Debug|Any CPU
		{5C4A04B4-4FDA-4E5A-BF8D-0850EF6D8ED5}.Release|Any CPU.ActiveCfg = Release|Any CPU
		{5C4A04B4-4FDA-4E5A-BF8D-0850EF6D8ED5}.Release|Any CPU.Build.0 = Release|Any CPU
		{D46AE132-F833-4D15-B75F-35D811393E54}.Debug|Any CPU.ActiveCfg = Debug|Any CPU
		{D46AE132-F833-4D15-B75F-35D811393E54}.Debug|Any CPU.Build.0 = Debug|Any CPU
		{D46AE132-F833-4D15-B75F-35D811393E54}.Release|Any CPU.ActiveCfg = Release|Any CPU
		{D46AE132-F833-4D15-B75F-35D811393E54}.Release|Any CPU.Build.0 = Release|Any CPU
		{149E05C2-9E5F-41A9-805C-CC95A224B631}.Debug|Any CPU.ActiveCfg = Debug|Any CPU
		{149E05C2-9E5F-41A9-805C-CC95A224B631}.Debug|Any CPU.Build.0 = Debug|Any CPU
		{149E05C2-9E5F-41A9-805C-CC95A224B631}.Release|Any CPU.ActiveCfg = Release|Any CPU
		{149E05C2-9E5F-41A9-805C-CC95A224B631}.Release|Any CPU.Build.0 = Release|Any CPU
		{5D66D3AC-1973-4650-B8D8-5237DE9AB95C}.Debug|Any CPU.ActiveCfg = Debug|Any CPU
		{5D66D3AC-1973-4650-B8D8-5237DE9AB95C}.Debug|Any CPU.Build.0 = Debug|Any CPU
		{5D66D3AC-1973-4650-B8D8-5237DE9AB95C}.Release|Any CPU.ActiveCfg = Release|Any CPU
		{5D66D3AC-1973-4650-B8D8-5237DE9AB95C}.Release|Any CPU.Build.0 = Release|Any CPU
	EndGlobalSection
	GlobalSection(SolutionProperties) = preSolution
		HideSolutionNode = FALSE
	EndGlobalSection
	GlobalSection(ExtensibilityGlobals) = postSolution
		SolutionGuid = {0A27A4C4-1495-4DAB-B9F1-D9054DA00D28}
	EndGlobalSection
EndGlobal
